
Microsoft Visual Studio Solution File, Format Version 12.00
# Visual Studio Version 16
VisualStudioVersion = 16.0.29209.62
MinimumVisualStudioVersion = 10.0.40219.1
Project("{FAE04EC0-301F-11D3-BF4B-00C04F79EFBC}") = "ProcessStartTest", "ProcessStartTest\ProcessStartTest.csproj", "{81C35982-2574-463C-AE5E-BC18963F07FD}"
EndProject
Global
	GlobalSection(SolutionConfigurationPlatforms) = preSolution
		Debug|Any CPU = Debug|Any CPU
		Release|Any CPU = Release|Any CPU
	EndGlobalSection
	GlobalSection(ProjectConfigurationPlatforms) = postSolution
		{81C35982-2574-463C-AE5E-BC18963F07FD}.Debug|Any CPU.ActiveCfg = Debug|Any CPU
		{81C35982-2574-463C-AE5E-BC18963F07FD}.Debug|Any CPU.Build.0 = Debug|Any CPU
		{81C35982-2574-463C-AE5E-BC18963F07FD}.Release|Any CPU.ActiveCfg = Release|Any CPU
		{81C35982-2574-463C-AE5E-BC18963F07FD}.Release|Any CPU.Build.0 = Release|Any CPU
	EndGlobalSection
	GlobalSection(SolutionProperties) = preSolution
		HideSolutionNode = FALSE
	EndGlobalSection
	GlobalSection(ExtensibilityGlobals) = postSolution
		SolutionGuid = {00AFB241-D7CB-4B95-9BF7-D3368B03D6FB}
	EndGlobalSection
EndGlobal
